// !$*UTF8*$!
{
	archiveVersion = 1;
	classes = {
	};
	objectVersion = 46;
	objects = {

/* Begin PBXBuildFile section */
		654B7A92604244BEBC153AB0 /* libPods.a in Frameworks */ = {isa = PBXBuildFile; fileRef = 567DDD565DBF410D9A8C87C6 /* libPods.a */; };
		CB16F84C199A50440068BE3A /* Foundation.framework in Frameworks */ = {isa = PBXBuildFile; fileRef = CB16F84B199A50440068BE3A /* Foundation.framework */; };
		CB16F84E199A50440068BE3A /* CoreGraphics.framework in Frameworks */ = {isa = PBXBuildFile; fileRef = CB16F84D199A50440068BE3A /* CoreGraphics.framework */; };
		CB16F850199A50440068BE3A /* UIKit.framework in Frameworks */ = {isa = PBXBuildFile; fileRef = CB16F84F199A50440068BE3A /* UIKit.framework */; };
		CB16F856199A50440068BE3A /* InfoPlist.strings in Resources */ = {isa = PBXBuildFile; fileRef = CB16F854199A50440068BE3A /* InfoPlist.strings */; };
		CB16F858199A50440068BE3A /* main.m in Sources */ = {isa = PBXBuildFile; fileRef = CB16F857199A50440068BE3A /* main.m */; };
		CB16F85C199A50440068BE3A /* TBAppDelegate.m in Sources */ = {isa = PBXBuildFile; fileRef = CB16F85B199A50440068BE3A /* TBAppDelegate.m */; };
		CB16F85E199A50440068BE3A /* Images.xcassets in Resources */ = {isa = PBXBuildFile; fileRef = CB16F85D199A50440068BE3A /* Images.xcassets */; };
		CB16F865199A50440068BE3A /* XCTest.framework in Frameworks */ = {isa = PBXBuildFile; fileRef = CB16F864199A50440068BE3A /* XCTest.framework */; };
		CB16F866199A50440068BE3A /* Foundation.framework in Frameworks */ = {isa = PBXBuildFile; fileRef = CB16F84B199A50440068BE3A /* Foundation.framework */; };
		CB16F867199A50440068BE3A /* UIKit.framework in Frameworks */ = {isa = PBXBuildFile; fileRef = CB16F84F199A50440068BE3A /* UIKit.framework */; };
		CB16F86F199A50440068BE3A /* InfoPlist.strings in Resources */ = {isa = PBXBuildFile; fileRef = CB16F86D199A50440068BE3A /* InfoPlist.strings */; };
		CB16F871199A50440068BE3A /* _KGameScoreTests.m in Sources */ = {isa = PBXBuildFile; fileRef = CB16F870199A50440068BE3A /* _KGameScoreTests.m */; };
		CB16F87C199A505F0068BE3A /* TBScoreTableViewController.m in Sources */ = {isa = PBXBuildFile; fileRef = CB16F87B199A505F0068BE3A /* TBScoreTableViewController.m */; };
		CB16F880199A50720068BE3A /* TBScoreTableViewCell.m in Sources */ = {isa = PBXBuildFile; fileRef = CB16F87E199A50720068BE3A /* TBScoreTableViewCell.m */; };
		CB16F881199A50720068BE3A /* TBScoreTableViewCell.xib in Resources */ = {isa = PBXBuildFile; fileRef = CB16F87F199A50720068BE3A /* TBScoreTableViewCell.xib */; };
		CB16F884199A51E10068BE3A /* Score.m in Sources */ = {isa = PBXBuildFile; fileRef = CB16F883199A51E10068BE3A /* Score.m */; };
		CB16F888199A52720068BE3A /* TBAddScoreViewController.m in Sources */ = {isa = PBXBuildFile; fileRef = CB16F886199A52720068BE3A /* TBAddScoreViewController.m */; };
		CB16F889199A52720068BE3A /* TBAddScoreViewController.xib in Resources */ = {isa = PBXBuildFile; fileRef = CB16F887199A52720068BE3A /* TBAddScoreViewController.xib */; };
		CBADD3D0199BED46000F6562 /* TBWinRateViewController.m in Sources */ = {isa = PBXBuildFile; fileRef = CBADD3CE199BED46000F6562 /* TBWinRateViewController.m */; };
/* End PBXBuildFile section */

/* Begin PBXContainerItemProxy section */
		CB16F868199A50440068BE3A /* PBXContainerItemProxy */ = {
			isa = PBXContainerItemProxy;
			containerPortal = CB16F840199A50440068BE3A /* Project object */;
			proxyType = 1;
			remoteGlobalIDString = CB16F847199A50440068BE3A;
			remoteInfo = 2KGameScore;
		};
/* End PBXContainerItemProxy section */

/* Begin PBXFileReference section */
		567DDD565DBF410D9A8C87C6 /* libPods.a */ = {isa = PBXFileReference; explicitFileType = archive.ar; includeInIndex = 0; path = libPods.a; sourceTree = BUILT_PRODUCTS_DIR; };
		AEABBC7F18BE4C09ABDE5E65 /* Pods.xcconfig */ = {isa = PBXFileReference; includeInIndex = 1; lastKnownFileType = text.xcconfig; name = Pods.xcconfig; path = Pods/Pods.xcconfig; sourceTree = "<group>"; };
		CB16F848199A50440068BE3A /* 2KGameScore.app */ = {isa = PBXFileReference; explicitFileType = wrapper.application; includeInIndex = 0; path = 2KGameScore.app; sourceTree = BUILT_PRODUCTS_DIR; };
		CB16F84B199A50440068BE3A /* Foundation.framework */ = {isa = PBXFileReference; lastKnownFileType = wrapper.framework; name = Foundation.framework; path = System/Library/Frameworks/Foundation.framework; sourceTree = SDKROOT; };
		CB16F84D199A50440068BE3A /* CoreGraphics.framework */ = {isa = PBXFileReference; lastKnownFileType = wrapper.framework; name = CoreGraphics.framework; path = System/Library/Frameworks/CoreGraphics.framework; sourceTree = SDKROOT; };
		CB16F84F199A50440068BE3A /* UIKit.framework */ = {isa = PBXFileReference; lastKnownFileType = wrapper.framework; name = UIKit.framework; path = System/Library/Frameworks/UIKit.framework; sourceTree = SDKROOT; };
		CB16F853199A50440068BE3A /* 2KGameScore-Info.plist */ = {isa = PBXFileReference; lastKnownFileType = text.plist.xml; path = "2KGameScore-Info.plist"; sourceTree = "<group>"; };
		CB16F855199A50440068BE3A /* en */ = {isa = PBXFileReference; lastKnownFileType = text.plist.strings; name = en; path = en.lproj/InfoPlist.strings; sourceTree = "<group>"; };
		CB16F857199A50440068BE3A /* main.m */ = {isa = PBXFileReference; lastKnownFileType = sourcecode.c.objc; path = main.m; sourceTree = "<group>"; };
		CB16F859199A50440068BE3A /* 2KGameScore-Prefix.pch */ = {isa = PBXFileReference; lastKnownFileType = sourcecode.c.h; path = "2KGameScore-Prefix.pch"; sourceTree = "<group>"; };
		CB16F85A199A50440068BE3A /* TBAppDelegate.h */ = {isa = PBXFileReference; lastKnownFileType = sourcecode.c.h; path = TBAppDelegate.h; sourceTree = "<group>"; };
		CB16F85B199A50440068BE3A /* TBAppDelegate.m */ = {isa = PBXFileReference; lastKnownFileType = sourcecode.c.objc; path = TBAppDelegate.m; sourceTree = "<group>"; };
		CB16F85D199A50440068BE3A /* Images.xcassets */ = {isa = PBXFileReference; lastKnownFileType = folder.assetcatalog; path = Images.xcassets; sourceTree = "<group>"; };
		CB16F863199A50440068BE3A /* 2KGameScoreTests.xctest */ = {isa = PBXFileReference; explicitFileType = wrapper.cfbundle; includeInIndex = 0; path = 2KGameScoreTests.xctest; sourceTree = BUILT_PRODUCTS_DIR; };
		CB16F864199A50440068BE3A /* XCTest.framework */ = {isa = PBXFileReference; lastKnownFileType = wrapper.framework; name = XCTest.framework; path = Library/Frameworks/XCTest.framework; sourceTree = DEVELOPER_DIR; };
		CB16F86C199A50440068BE3A /* 2KGameScoreTests-Info.plist */ = {isa = PBXFileReference; lastKnownFileType = text.plist.xml; path = "2KGameScoreTests-Info.plist"; sourceTree = "<group>"; };
		CB16F86E199A50440068BE3A /* en */ = {isa = PBXFileReference; lastKnownFileType = text.plist.strings; name = en; path = en.lproj/InfoPlist.strings; sourceTree = "<group>"; };
		CB16F870199A50440068BE3A /* _KGameScoreTests.m */ = {isa = PBXFileReference; lastKnownFileType = sourcecode.c.objc; path = _KGameScoreTests.m; sourceTree = "<group>"; };
		CB16F87A199A505F0068BE3A /* TBScoreTableViewController.h */ = {isa = PBXFileReference; fileEncoding = 4; lastKnownFileType = sourcecode.c.h; path = TBScoreTableViewController.h; sourceTree = "<group>"; };
		CB16F87B199A505F0068BE3A /* TBScoreTableViewController.m */ = {isa = PBXFileReference; fileEncoding = 4; lastKnownFileType = sourcecode.c.objc; path = TBScoreTableViewController.m; sourceTree = "<group>"; };
		CB16F87D199A50720068BE3A /* TBScoreTableViewCell.h */ = {isa = PBXFileReference; fileEncoding = 4; lastKnownFileType = sourcecode.c.h; path = TBScoreTableViewCell.h; sourceTree = "<group>"; };
		CB16F87E199A50720068BE3A /* TBScoreTableViewCell.m */ = {isa = PBXFileReference; fileEncoding = 4; lastKnownFileType = sourcecode.c.objc; path = TBScoreTableViewCell.m; sourceTree = "<group>"; };
		CB16F87F199A50720068BE3A /* TBScoreTableViewCell.xib */ = {isa = PBXFileReference; fileEncoding = 4; lastKnownFileType = file.xib; path = TBScoreTableViewCell.xib; sourceTree = "<group>"; };
		CB16F882199A51E10068BE3A /* Score.h */ = {isa = PBXFileReference; fileEncoding = 4; lastKnownFileType = sourcecode.c.h; path = Score.h; sourceTree = "<group>"; };
		CB16F883199A51E10068BE3A /* Score.m */ = {isa = PBXFileReference; fileEncoding = 4; lastKnownFileType = sourcecode.c.objc; path = Score.m; sourceTree = "<group>"; };
		CB16F885199A52720068BE3A /* TBAddScoreViewController.h */ = {isa = PBXFileReference; fileEncoding = 4; lastKnownFileType = sourcecode.c.h; path = TBAddScoreViewController.h; sourceTree = "<group>"; };
		CB16F886199A52720068BE3A /* TBAddScoreViewController.m */ = {isa = PBXFileReference; fileEncoding = 4; lastKnownFileType = sourcecode.c.objc; path = TBAddScoreViewController.m; sourceTree = "<group>"; };
		CB16F887199A52720068BE3A /* TBAddScoreViewController.xib */ = {isa = PBXFileReference; fileEncoding = 4; lastKnownFileType = file.xib; path = TBAddScoreViewController.xib; sourceTree = "<group>"; };
		CBADD3CD199BED46000F6562 /* TBWinRateViewController.h */ = {isa = PBXFileReference; fileEncoding = 4; lastKnownFileType = sourcecode.c.h; path = TBWinRateViewController.h; sourceTree = "<group>"; };
		CBADD3CE199BED46000F6562 /* TBWinRateViewController.m */ = {isa = PBXFileReference; fileEncoding = 4; lastKnownFileType = sourcecode.c.objc; path = TBWinRateViewController.m; sourceTree = "<group>"; };
/* End PBXFileReference section */

/* Begin PBXFrameworksBuildPhase section */
		CB16F845199A50440068BE3A /* Frameworks */ = {
			isa = PBXFrameworksBuildPhase;
			buildActionMask = 2147483647;
			files = (
				CB16F84E199A50440068BE3A /* CoreGraphics.framework in Frameworks */,
				CB16F850199A50440068BE3A /* UIKit.framework in Frameworks */,
				CB16F84C199A50440068BE3A /* Foundation.framework in Frameworks */,
				654B7A92604244BEBC153AB0 /* libPods.a in Frameworks */,
			);
			runOnlyForDeploymentPostprocessing = 0;
		};
		CB16F860199A50440068BE3A /* Frameworks */ = {
			isa = PBXFrameworksBuildPhase;
			buildActionMask = 2147483647;
			files = (
				CB16F865199A50440068BE3A /* XCTest.framework in Frameworks */,
				CB16F867199A50440068BE3A /* UIKit.framework in Frameworks */,
				CB16F866199A50440068BE3A /* Foundation.framework in Frameworks */,
			);
			runOnlyForDeploymentPostprocessing = 0;
		};
/* End PBXFrameworksBuildPhase section */

/* Begin PBXGroup section */
		CB16F83F199A50440068BE3A = {
			isa = PBXGroup;
			children = (
				CB16F851199A50440068BE3A /* 2KGameScore */,
				CB16F86A199A50440068BE3A /* 2KGameScoreTests */,
				CB16F84A199A50440068BE3A /* Frameworks */,
				CB16F849199A50440068BE3A /* Products */,
				AEABBC7F18BE4C09ABDE5E65 /* Pods.xcconfig */,
			);
			sourceTree = "<group>";
		};
		CB16F849199A50440068BE3A /* Products */ = {
			isa = PBXGroup;
			children = (
				CB16F848199A50440068BE3A /* 2KGameScore.app */,
				CB16F863199A50440068BE3A /* 2KGameScoreTests.xctest */,
			);
			name = Products;
			sourceTree = "<group>";
		};
		CB16F84A199A50440068BE3A /* Frameworks */ = {
			isa = PBXGroup;
			children = (
				CB16F84B199A50440068BE3A /* Foundation.framework */,
				CB16F84D199A50440068BE3A /* CoreGraphics.framework */,
				CB16F84F199A50440068BE3A /* UIKit.framework */,
				CB16F864199A50440068BE3A /* XCTest.framework */,
				567DDD565DBF410D9A8C87C6 /* libPods.a */,
			);
			name = Frameworks;
			sourceTree = "<group>";
		};
		CB16F851199A50440068BE3A /* 2KGameScore */ = {
			isa = PBXGroup;
			children = (
				CB16F85A199A50440068BE3A /* TBAppDelegate.h */,
				CB16F85B199A50440068BE3A /* TBAppDelegate.m */,
				CB16F85D199A50440068BE3A /* Images.xcassets */,
				CB16F852199A50440068BE3A /* Supporting Files */,
				CB16F87A199A505F0068BE3A /* TBScoreTableViewController.h */,
				CB16F87B199A505F0068BE3A /* TBScoreTableViewController.m */,
				CB16F87D199A50720068BE3A /* TBScoreTableViewCell.h */,
				CB16F87E199A50720068BE3A /* TBScoreTableViewCell.m */,
				CB16F87F199A50720068BE3A /* TBScoreTableViewCell.xib */,
				CB16F882199A51E10068BE3A /* Score.h */,
				CB16F883199A51E10068BE3A /* Score.m */,
				CB16F885199A52720068BE3A /* TBAddScoreViewController.h */,
				CB16F886199A52720068BE3A /* TBAddScoreViewController.m */,
				CB16F887199A52720068BE3A /* TBAddScoreViewController.xib */,
				CBADD3CD199BED46000F6562 /* TBWinRateViewController.h */,
				CBADD3CE199BED46000F6562 /* TBWinRateViewController.m */,
			);
			path = 2KGameScore;
			sourceTree = "<group>";
		};
		CB16F852199A50440068BE3A /* Supporting Files */ = {
			isa = PBXGroup;
			children = (
				CB16F853199A50440068BE3A /* 2KGameScore-Info.plist */,
				CB16F854199A50440068BE3A /* InfoPlist.strings */,
				CB16F857199A50440068BE3A /* main.m */,
				CB16F859199A50440068BE3A /* 2KGameScore-Prefix.pch */,
			);
			name = "Supporting Files";
			sourceTree = "<group>";
		};
		CB16F86A199A50440068BE3A /* 2KGameScoreTests */ = {
			isa = PBXGroup;
			children = (
				CB16F870199A50440068BE3A /* _KGameScoreTests.m */,
				CB16F86B199A50440068BE3A /* Supporting Files */,
			);
			path = 2KGameScoreTests;
			sourceTree = "<group>";
		};
		CB16F86B199A50440068BE3A /* Supporting Files */ = {
			isa = PBXGroup;
			children = (
				CB16F86C199A50440068BE3A /* 2KGameScoreTests-Info.plist */,
				CB16F86D199A50440068BE3A /* InfoPlist.strings */,
			);
			name = "Supporting Files";
			sourceTree = "<group>";
		};
/* End PBXGroup section */

/* Begin PBXNativeTarget section */
		CB16F847199A50440068BE3A /* 2KGameScore */ = {
			isa = PBXNativeTarget;
			buildConfigurationList = CB16F874199A50440068BE3A /* Build configuration list for PBXNativeTarget "2KGameScore" */;
			buildPhases = (
				AC2B9707546C43F3A5504063 /* Check Pods Manifest.lock */,
				CB16F844199A50440068BE3A /* Sources */,
				CB16F845199A50440068BE3A /* Frameworks */,
				CB16F846199A50440068BE3A /* Resources */,
				87EE0866FE234CC0ACBA6245 /* Copy Pods Resources */,
			);
			buildRules = (
			);
			dependencies = (
			);
			name = 2KGameScore;
			productName = 2KGameScore;
			productReference = CB16F848199A50440068BE3A /* 2KGameScore.app */;
			productType = "com.apple.product-type.application";
		};
		CB16F862199A50440068BE3A /* 2KGameScoreTests */ = {
			isa = PBXNativeTarget;
			buildConfigurationList = CB16F877199A50440068BE3A /* Build configuration list for PBXNativeTarget "2KGameScoreTests" */;
			buildPhases = (
				CB16F85F199A50440068BE3A /* Sources */,
				CB16F860199A50440068BE3A /* Frameworks */,
				CB16F861199A50440068BE3A /* Resources */,
			);
			buildRules = (
			);
			dependencies = (
				CB16F869199A50440068BE3A /* PBXTargetDependency */,
			);
			name = 2KGameScoreTests;
			productName = 2KGameScoreTests;
			productReference = CB16F863199A50440068BE3A /* 2KGameScoreTests.xctest */;
			productType = "com.apple.product-type.bundle.unit-test";
		};
/* End PBXNativeTarget section */

/* Begin PBXProject section */
		CB16F840199A50440068BE3A /* Project object */ = {
			isa = PBXProject;
			attributes = {
				CLASSPREFIX = TB;
				LastUpgradeCheck = 0510;
				ORGANIZATIONNAME = "Hangzhou Tuobian Network Technology LTD.,CO";
				TargetAttributes = {
					CB16F862199A50440068BE3A = {
						TestTargetID = CB16F847199A50440068BE3A;
					};
				};
			};
			buildConfigurationList = CB16F843199A50440068BE3A /* Build configuration list for PBXProject "2KGameScore" */;
			compatibilityVersion = "Xcode 3.2";
			developmentRegion = English;
			hasScannedForEncodings = 0;
			knownRegions = (
				en,
			);
			mainGroup = CB16F83F199A50440068BE3A;
			productRefGroup = CB16F849199A50440068BE3A /* Products */;
			projectDirPath = "";
			projectRoot = "";
			targets = (
				CB16F847199A50440068BE3A /* 2KGameScore */,
				CB16F862199A50440068BE3A /* 2KGameScoreTests */,
			);
		};
/* End PBXProject section */

/* Begin PBXResourcesBuildPhase section */
		CB16F846199A50440068BE3A /* Resources */ = {
			isa = PBXResourcesBuildPhase;
			buildActionMask = 2147483647;
			files = (
				CB16F881199A50720068BE3A /* TBScoreTableViewCell.xib in Resources */,
				CB16F856199A50440068BE3A /* InfoPlist.strings in Resources */,
				CB16F85E199A50440068BE3A /* Images.xcassets in Resources */,
				CB16F889199A52720068BE3A /* TBAddScoreViewController.xib in Resources */,
			);
			runOnlyForDeploymentPostprocessing = 0;
		};
		CB16F861199A50440068BE3A /* Resources */ = {
			isa = PBXResourcesBuildPhase;
			buildActionMask = 2147483647;
			files = (
				CB16F86F199A50440068BE3A /* InfoPlist.strings in Resources */,
			);
			runOnlyForDeploymentPostprocessing = 0;
		};
/* End PBXResourcesBuildPhase section */

/* Begin PBXShellScriptBuildPhase section */
		87EE0866FE234CC0ACBA6245 /* Copy Pods Resources */ = {
			isa = PBXShellScriptBuildPhase;
			buildActionMask = 2147483647;
			files = (
			);
			inputPaths = (
			);
			name = "Copy Pods Resources";
			outputPaths = (
			);
			runOnlyForDeploymentPostprocessing = 0;
			shellPath = /bin/sh;
			shellScript = "\"${SRCROOT}/Pods/Pods-resources.sh\"\n";
			showEnvVarsInLog = 0;
		};
		AC2B9707546C43F3A5504063 /* Check Pods Manifest.lock */ = {
			isa = PBXShellScriptBuildPhase;
			buildActionMask = 2147483647;
			files = (
			);
			inputPaths = (
			);
			name = "Check Pods Manifest.lock";
			outputPaths = (
			);
			runOnlyForDeploymentPostprocessing = 0;
			shellPath = /bin/sh;
			shellScript = "diff \"${PODS_ROOT}/../Podfile.lock\" \"${PODS_ROOT}/Manifest.lock\" > /dev/null\nif [[ $? != 0 ]] ; then\n    cat << EOM\nerror: The sandbox is not in sync with the Podfile.lock. Run 'pod install' or update your CocoaPods installation.\nEOM\n    exit 1\nfi\n";
			showEnvVarsInLog = 0;
		};
/* End PBXShellScriptBuildPhase section */

/* Begin PBXSourcesBuildPhase section */
		CB16F844199A50440068BE3A /* Sources */ = {
			isa = PBXSourcesBuildPhase;
			buildActionMask = 2147483647;
			files = (
				CB16F85C199A50440068BE3A /* TBAppDelegate.m in Sources */,
				CB16F858199A50440068BE3A /* main.m in Sources */,
				CB16F884199A51E10068BE3A /* Score.m in Sources */,
				CB16F880199A50720068BE3A /* TBScoreTableViewCell.m in Sources */,
				CB16F87C199A505F0068BE3A /* TBScoreTableViewController.m in Sources */,
				CB16F888199A52720068BE3A /* TBAddScoreViewController.m in Sources */,
				CBADD3D0199BED46000F6562 /* TBWinRateViewController.m in Sources */,
			);
			runOnlyForDeploymentPostprocessing = 0;
		};
		CB16F85F199A50440068BE3A /* Sources */ = {
			isa = PBXSourcesBuildPhase;
			buildActionMask = 2147483647;
			files = (
				CB16F871199A50440068BE3A /* _KGameScoreTests.m in Sources */,
			);
			runOnlyForDeploymentPostprocessing = 0;
		};
/* End PBXSourcesBuildPhase section */

/* Begin PBXTargetDependency section */
		CB16F869199A50440068BE3A /* PBXTargetDependency */ = {
			isa = PBXTargetDependency;
			target = CB16F847199A50440068BE3A /* 2KGameScore */;
			targetProxy = CB16F868199A50440068BE3A /* PBXContainerItemProxy */;
		};
/* End PBXTargetDependency section */

/* Begin PBXVariantGroup section */
		CB16F854199A50440068BE3A /* InfoPlist.strings */ = {
			isa = PBXVariantGroup;
			children = (
				CB16F855199A50440068BE3A /* en */,
			);
			name = InfoPlist.strings;
			sourceTree = "<group>";
		};
		CB16F86D199A50440068BE3A /* InfoPlist.strings */ = {
			isa = PBXVariantGroup;
			children = (
				CB16F86E199A50440068BE3A /* en */,
			);
			name = InfoPlist.strings;
			sourceTree = "<group>";
		};
/* End PBXVariantGroup section */

/* Begin XCBuildConfiguration section */
		CB16F872199A50440068BE3A /* Debug */ = {
			isa = XCBuildConfiguration;
			buildSettings = {
				ALWAYS_SEARCH_USER_PATHS = NO;
				CLANG_CXX_LANGUAGE_STANDARD = "gnu++0x";
				CLANG_CXX_LIBRARY = "libc++";
				CLANG_ENABLE_MODULES = YES;
				CLANG_ENABLE_OBJC_ARC = YES;
				CLANG_WARN_BOOL_CONVERSION = YES;
				CLANG_WARN_CONSTANT_CONVERSION = YES;
				CLANG_WARN_DIRECT_OBJC_ISA_USAGE = YES_ERROR;
				CLANG_WARN_EMPTY_BODY = YES;
				CLANG_WARN_ENUM_CONVERSION = YES;
				CLANG_WARN_INT_CONVERSION = YES;
				CLANG_WARN_OBJC_ROOT_CLASS = YES_ERROR;
				CLANG_WARN__DUPLICATE_METHOD_MATCH = YES;
				"CODE_SIGN_IDENTITY[sdk=iphoneos*]" = "iPhone Developer";
				COPY_PHASE_STRIP = NO;
				GCC_C_LANGUAGE_STANDARD = gnu99;
				GCC_DYNAMIC_NO_PIC = NO;
				GCC_OPTIMIZATION_LEVEL = 0;
				GCC_PREPROCESSOR_DEFINITIONS = (
					"DEBUG=1",
					"$(inherited)",
				);
				GCC_SYMBOLS_PRIVATE_EXTERN = NO;
				GCC_WARN_64_TO_32_BIT_CONVERSION = YES;
				GCC_WARN_ABOUT_RETURN_TYPE = YES_ERROR;
				GCC_WARN_UNDECLARED_SELECTOR = YES;
				GCC_WARN_UNINITIALIZED_AUTOS = YES_AGGRESSIVE;
				GCC_WARN_UNUSED_FUNCTION = YES;
				GCC_WARN_UNUSED_VARIABLE = YES;
				IPHONEOS_DEPLOYMENT_TARGET = 7.1;
				ONLY_ACTIVE_ARCH = YES;
				SDKROOT = iphoneos;
			};
			name = Debug;
		};
		CB16F873199A50440068BE3A /* Release */ = {
			isa = XCBuildConfiguration;
			buildSettings = {
				ALWAYS_SEARCH_USER_PATHS = NO;
				CLANG_CXX_LANGUAGE_STANDARD = "gnu++0x";
				CLANG_CXX_LIBRARY = "libc++";
				CLANG_ENABLE_MODULES = YES;
				CLANG_ENABLE_OBJC_ARC = YES;
				CLANG_WARN_BOOL_CONVERSION = YES;
				CLANG_WARN_CONSTANT_CONVERSION = YES;
				CLANG_WARN_DIRECT_OBJC_ISA_USAGE = YES_ERROR;
				CLANG_WARN_EMPTY_BODY = YES;
				CLANG_WARN_ENUM_CONVERSION = YES;
				CLANG_WARN_INT_CONVERSION = YES;
				CLANG_WARN_OBJC_ROOT_CLASS = YES_ERROR;
				CLANG_WARN__DUPLICATE_METHOD_MATCH = YES;
				"CODE_SIGN_IDENTITY[sdk=iphoneos*]" = "iPhone Developer";
				COPY_PHASE_STRIP = YES;
				ENABLE_NS_ASSERTIONS = NO;
				GCC_C_LANGUAGE_STANDARD = gnu99;
				GCC_WARN_64_TO_32_BIT_CONVERSION = YES;
				GCC_WARN_ABOUT_RETURN_TYPE = YES_ERROR;
				GCC_WARN_UNDECLARED_SELECTOR = YES;
				GCC_WARN_UNINITIALIZED_AUTOS = YES_AGGRESSIVE;
				GCC_WARN_UNUSED_FUNCTION = YES;
				GCC_WARN_UNUSED_VARIABLE = YES;
				IPHONEOS_DEPLOYMENT_TARGET = 7.1;
				SDKROOT = iphoneos;
				VALIDATE_PRODUCT = YES;
			};
			name = Release;
		};
		CB16F875199A50440068BE3A /* Debug */ = {
			isa = XCBuildConfiguration;
			baseConfigurationReference = AEABBC7F18BE4C09ABDE5E65 /* Pods.xcconfig */;
			buildSettings = {
				ASSETCATALOG_COMPILER_APPICON_NAME = AppIcon;
				ASSETCATALOG_COMPILER_LAUNCHIMAGE_NAME = LaunchImage;
				GCC_PRECOMPILE_PREFIX_HEADER = YES;
				GCC_PREFIX_HEADER = "2KGameScore/2KGameScore-Prefix.pch";
				INFOPLIST_FILE = "2KGameScore/2KGameScore-Info.plist";
				PRODUCT_NAME = "$(TARGET_NAME)";
				WRAPPER_EXTENSION = app;
			};
			name = Debug;
		};
		CB16F876199A50440068BE3A /* Release */ = {
			isa = XCBuildConfiguration;
			baseConfigurationReference = AEABBC7F18BE4C09ABDE5E65 /* Pods.xcconfig */;
			buildSettings = {
				ASSETCATALOG_COMPILER_APPICON_NAME = AppIcon;
				ASSETCATALOG_COMPILER_LAUNCHIMAGE_NAME = LaunchImage;
				GCC_PRECOMPILE_PREFIX_HEADER = YES;
				GCC_PREFIX_HEADER = "2KGameScore/2KGameScore-Prefix.pch";
				INFOPLIST_FILE = "2KGameScore/2KGameScore-Info.plist";
				PRODUCT_NAME = "$(TARGET_NAME)";
				WRAPPER_EXTENSION = app;
			};
			name = Release;
		};
		CB16F878199A50440068BE3A /* Debug */ = {
			isa = XCBuildConfiguration;
			buildSettings = {
				BUNDLE_LOADER = "$(BUILT_PRODUCTS_DIR)/2KGameScore.app/2KGameScore";
				FRAMEWORK_SEARCH_PATHS = (
					"$(SDKROOT)/Developer/Library/Frameworks",
					"$(inherited)",
					"$(DEVELOPER_FRAMEWORKS_DIR)",
				);
				GCC_PRECOMPILE_PREFIX_HEADER = YES;
				GCC_PREFIX_HEADER = "2KGameScore/2KGameScore-Prefix.pch";
				GCC_PREPROCESSOR_DEFINITIONS = (
					"DEBUG=1",
					"$(inherited)",
				);
				INFOPLIST_FILE = "2KGameScoreTests/2KGameScoreTests-Info.plist";
				PRODUCT_NAME = "$(TARGET_NAME)";
				TEST_HOST = "$(BUNDLE_LOADER)";
				WRAPPER_EXTENSION = xctest;
			};
			name = Debug;
		};
		CB16F879199A50440068BE3A /* Release */ = {
			isa = XCBuildConfiguration;
			buildSettings = {
				BUNDLE_LOADER = "$(BUILT_PRODUCTS_DIR)/2KGameScore.app/2KGameScore";
				FRAMEWORK_SEARCH_PATHS = (
					"$(SDKROOT)/Developer/Library/Frameworks",
					"$(inherited)",
					"$(DEVELOPER_FRAMEWORKS_DIR)",
				);
				GCC_PRECOMPILE_PREFIX_HEADER = YES;
				GCC_PREFIX_HEADER = "2KGameScore/2KGameScore-Prefix.pch";
				INFOPLIST_FILE = "2KGameScoreTests/2KGameScoreTests-Info.plist";
				PRODUCT_NAME = "$(TARGET_NAME)";
				TEST_HOST = "$(BUNDLE_LOADER)";
				WRAPPER_EXTENSION = xctest;
			};
			name = Release;
		};
/* End XCBuildConfiguration section */

/* Begin XCConfigurationList section */
		CB16F843199A50440068BE3A /* Build configuration list for PBXProject "2KGameScore" */ = {
			isa = XCConfigurationList;
			buildConfigurations = (
				CB16F872199A50440068BE3A /* Debug */,
				CB16F873199A50440068BE3A /* Release */,
			);
			defaultConfigurationIsVisible = 0;
			defaultConfigurationName = Release;
		};
		CB16F874199A50440068BE3A /* Build configuration list for PBXNativeTarget "2KGameScore" */ = {
			isa = XCConfigurationList;
			buildConfigurations = (
				CB16F875199A50440068BE3A /* Debug */,
				CB16F876199A50440068BE3A /* Release */,
			);
			defaultConfigurationIsVisible = 0;
			defaultConfigurationName = Release;
		};
		CB16F877199A50440068BE3A /* Build configuration list for PBXNativeTarget "2KGameScoreTests" */ = {
			isa = XCConfigurationList;
			buildConfigurations = (
				CB16F878199A50440068BE3A /* Debug */,
				CB16F879199A50440068BE3A /* Release */,
			);
			defaultConfigurationIsVisible = 0;
			defaultConfigurationName = Release;
		};
/* End XCConfigurationList section */
	};
	rootObject = CB16F840199A50440068BE3A /* Project object */;
}
